{
  "name": "@fourtune/js-and-web-runtime-and-rollup-plugins",
  "version": "0.2.0",
  "lockfileVersion": 3,
  "requires": true,
  "packages": {
    "": {
      "name": "@fourtune/js-and-web-runtime-and-rollup-plugins",
      "version": "0.2.0",
      "license": "MIT",
      "devDependencies": {
        "@anio-fs/scandir": "^7.1.4",
        "@anio-js-foundation/create-temporary-resource": "^2.0.0",
        "@anio-software/fs": "^0.6.0",
        "@fourtune/base-realm": "^0.4.0",
        "@fourtune/realm-js": "^0.91.0",
        "@fourtune/types": "^0.11.0",
        "@types/node": "^22.8.4",
        "fourtune": "^0.90.1"
      }
    },
    "node_modules/@anio-fs/scandir": {
      "version": "7.1.4",
      "resolved": "https://registry.npmjs.org/@anio-fs/scandir/-/scandir-7.1.4.tgz",
      "integrity": "sha512-NRLenQBKT/xdS729CSOuKmsXdT/f8RUjBA9wrSdf8MxNuecPyJRI6Bkva6Rgd5DjlQFglrM5scQRWZfy+H0yfA==",
      "dev": true,
      "license": "MIT"
    },
    "node_modules/@anio-js-foundation/alphabet-identifier-generator": {
      "version": "1.0.0",
      "resolved": "https://registry.npmjs.org/@anio-js-foundation/alphabet-identifier-generator/-/alphabet-identifier-generator-1.0.0.tgz",
      "integrity": "sha512-5iX/tThCxTWjIfm2VgQD08jycjRNVaRnqZxRfZc8zlK0h6Xcd2lyByRpGDmq1sM2tTDiN7h5wurxXPcpJEfIQw==",
      "dev": true,
      "license": "MIT"
    },
    "node_modules/@anio-js-foundation/create-temporary-resource": {
      "version": "2.0.0",
      "resolved": "https://registry.npmjs.org/@anio-js-foundation/create-temporary-resource/-/create-temporary-resource-2.0.0.tgz",
      "integrity": "sha512-bZ7tpVadiO/QsPCQBuiX9EoAGUTCfYf6eK4Vts5D3FM6udKszZoG4tBxTsCs/ns0ZOzVRcgPkBa17jGJTiiq3g==",
      "dev": true,
      "license": "MIT"
    },
    "node_modules/@anio-js-foundation/generate-object-literal": {
      "version": "1.1.0",
      "resolved": "https://registry.npmjs.org/@anio-js-foundation/generate-object-literal/-/generate-object-literal-1.1.0.tgz",
      "integrity": "sha512-C6LrZtOANdv2uxvMi1ICluLwuycSpokxcs3yMfFyILwtjMJtgoHk6BQufa8h8txv+l3xOSeQLnCVf1Xgx5EO7A==",
      "dev": true,
      "license": "MIT"
    },
    "node_modules/@anio-js-foundation/str-colorize": {
      "version": "2.1.0",
      "resolved": "https://registry.npmjs.org/@anio-js-foundation/str-colorize/-/str-colorize-2.1.0.tgz",
      "integrity": "sha512-p3ZIaBZGdMzX52jdHHlhl2c2sgqhhvtBQ6AQSoQ5lmvkpmDZga9/b172xhrSRx0gQH8/g94m+5wRwUjBOh6Z0w==",
      "dev": true,
      "license": "MIT"
    },
    "node_modules/@anio-js-foundation/strip-suffix": {
      "version": "3.0.1",
      "resolved": "https://registry.npmjs.org/@anio-js-foundation/strip-suffix/-/strip-suffix-3.0.1.tgz",
      "integrity": "sha512-2tFOVHjauYFSPDhJO9KmJWBqoi2m58LxmNIVh/P88IEIrguJq23rErgIGjiTdJasV/8rUW6r533I6HdTbFSnsQ==",
      "dev": true,
      "license": "MIT"
    },
    "node_modules/@anio-node-foundation/cli-parse-args": {
      "version": "3.0.0",
      "resolved": "https://registry.npmjs.org/@anio-node-foundation/cli-parse-args/-/cli-parse-args-3.0.0.tgz",
      "integrity": "sha512-1/4iUcVKuZyLT7EMxyZogXgU6RfWklohWU0g5hsGOUEBqgKQ4PgePDrO6mUMw6neCBuQLbxAEhD/K+9kg6lGgg==",
      "dev": true,
      "license": "MIT"
    },
    "node_modules/@anio-software/fs": {
      "version": "0.6.0",
      "resolved": "https://registry.npmjs.org/@anio-software/fs/-/fs-0.6.0.tgz",
      "integrity": "sha512-wjVq+gY+tqovkE2aXnBoAL7k4yycvLvcRitLIT05TmjvafbnG/7kfsqqGlIaZaoZC3Jd/F6+c+b+P1YMCZD8KQ==",
      "dev": true,
      "license": "MIT"
    },
    "node_modules/@fourtune/base-realm": {
      "version": "0.4.0",
      "resolved": "https://registry.npmjs.org/@fourtune/base-realm/-/base-realm-0.4.0.tgz",
      "integrity": "sha512-+MH+jSqRUcMHrFVILU/zIRyBWPVOK2axdrWk9XfiVky50fMUGtcBh3hk2YKjCcRJmuV02gHqhhY1ciR/maXIvw==",
      "dev": true,
      "license": "MIT"
    },
    "node_modules/@fourtune/js-and-web-runtime-and-rollup-plugins": {
      "version": "0.1.0",
      "resolved": "https://registry.npmjs.org/@fourtune/js-and-web-runtime-and-rollup-plugins/-/js-and-web-runtime-and-rollup-plugins-0.1.0.tgz",
      "integrity": "sha512-CEARQxw7I4o8vP0RUortWhQUY7ZRnKYxuDrGqn8PYhLn7A+5ZAtFISBeV3mYEER3QDRxxWcbfZK67e0+xav7Rw==",
      "dev": true
    },
    "node_modules/@fourtune/realm-js": {
      "version": "0.91.0",
      "resolved": "https://registry.npmjs.org/@fourtune/realm-js/-/realm-js-0.91.0.tgz",
      "integrity": "sha512-HGquvWyfzWCBdALuZG7KemGKGheo+zkcXJ/kmnZQr//3+D0yCs/jI0d0T2Hnv9avJtPHwXgx7MOq6IjTG3YFoQ==",
      "dev": true,
      "hasInstallScript": true,
      "dependencies": {
        "@anio-js-foundation/alphabet-identifier-generator": "1.0.0",
        "@anio-js-foundation/generate-object-literal": "1.1.0",
        "@anio-js-foundation/strip-suffix": "3.0.1",
        "@anio-software/fs": "0.6.0",
        "@fourtune/js-and-web-runtime-and-rollup-plugins": "^0.1.0"
      },
      "peerDependencies": {
        "@types/node": "22.x"
      }
    },
    "node_modules/@fourtune/types": {
      "version": "0.11.0",
      "resolved": "https://registry.npmjs.org/@fourtune/types/-/types-0.11.0.tgz",
      "integrity": "sha512-n4oXF/xXQcR0LbKs9sslus2M1u86ouX74xxHG+VX/Uv8nNCn4n41kYIpHam/6VtL5ssQ5ITnF71GMZGv6y+D+Q==",
      "dev": true,
      "peerDependencies": {
        "typescript": "5.x"
      }
    },
    "node_modules/@types/node": {
      "version": "22.8.4",
      "resolved": "https://registry.npmjs.org/@types/node/-/node-22.8.4.tgz",
      "integrity": "sha512-SpNNxkftTJOPk0oN+y2bIqurEXHTA2AOZ3EJDDKeJ5VzkvvORSvmQXGQarcOzWV1ac7DCaPBEdMDxBsM+d8jWw==",
      "dev": true,
      "license": "MIT",
      "dependencies": {
        "undici-types": "~6.19.8"
      }
    },
    "node_modules/fourtune": {
      "version": "0.90.1",
      "resolved": "https://registry.npmjs.org/fourtune/-/fourtune-0.90.1.tgz",
      "integrity": "sha512-PuNUn/QZZ84aYoc9yB48xPpvvZgt3XCCeA7kopH6wnx/Qozbo5m3Z7Am00Sk91U45eCkWUq9CctBnSRYNejIoA==",
      "dev": true,
      "dependencies": {
        "@anio-js-foundation/str-colorize": "^2.1.0",
        "@anio-node-foundation/cli-parse-args": "^3.0.0",
        "@anio-software/fs": "^0.6.0"
      },
      "bin": {
        "fourtune": "src/cli.mjs"
      }
    },
    "node_modules/typescript": {
      "version": "5.6.3",
      "resolved": "https://registry.npmjs.org/typescript/-/typescript-5.6.3.tgz",
      "integrity": "sha512-hjcS1mhfuyi4WW8IWtjP7brDrG2cuDZukyrYrSauoXGNgx0S7zceP07adYkJycEr56BOUTNPzbInooiN3fn1qw==",
      "dev": true,
      "license": "Apache-2.0",
      "peer": true,
      "bin": {
        "tsc": "bin/tsc",
        "tsserver": "bin/tsserver"
      },
      "engines": {
        "node": ">=14.17"
      }
    },
    "node_modules/undici-types": {
      "version": "6.19.8",
      "resolved": "https://registry.npmjs.org/undici-types/-/undici-types-6.19.8.tgz",
      "integrity": "sha512-ve2KP6f/JnbPBFyobGHuerC9g1FYGn/F8n1LWTwNxCEzd6IfqTwUQcNXgEtmmQ6DlRrC1hrSrBnCZPokRrDHjw==",
      "dev": true,
      "license": "MIT"
    }
  }
}
